
Microsoft Visual Studio Solution File, Format Version 12.00
# Visual Studio 15
VisualStudioVersion = 15.0.28307.168
MinimumVisualStudioVersion = 10.0.40219.1
Project("{9A19103F-16F7-4668-BE54-9A1E7A4F7556}") = "MatchingBrackets", "MatchingBrackets\MatchingBrackets.csproj", "{9D8F7BCA-79A9-4569-BF7A-0C5C327463ED}"
EndProject
Project("{9A19103F-16F7-4668-BE54-9A1E7A4F7556}") = "LinkedStack", "LinkedStack\LinkedStack.csproj", "{860531FA-0932-4424-931D-44F214F25492}"
EndProject
Project("{FAE04EC0-301F-11D3-BF4B-00C04F79EFBC}") = "ReverseNumbersWithStack", "ReverseNumbersWithStack\ReverseNumbersWithStack.csproj", "{E7EBA502-B85B-4D72-B2AB-E157E30D91E6}"
EndProject
Project("{FAE04EC0-301F-11D3-BF4B-00C04F79EFBC}") = "CalculateSequenceWithQueue", "CalculateSequenceWithQueue\CalculateSequenceWithQueue.csproj", "{9F922CEA-A210-4E94-A6F9-E838CB137931}"
EndProject
Project("{FAE04EC0-301F-11D3-BF4B-00C04F79EFBC}") = "CalculateSequenceWithQueueAnother", "CalculateSequenceWithQueueAnother\CalculateSequenceWithQueueAnother.csproj", "{BA7F781B-918D-491A-BACB-A46825EE9B97}"
EndProject
Global
	GlobalSection(SolutionConfigurationPlatforms) = preSolution
		Debug|Any CPU = Debug|Any CPU
		Release|Any CPU = Release|Any CPU
	EndGlobalSection
	GlobalSection(ProjectConfigurationPlatforms) = postSolution
		{9D8F7BCA-79A9-4569-BF7A-0C5C327463ED}.Debug|Any CPU.ActiveCfg = Debug|Any CPU
		{9D8F7BCA-79A9-4569-BF7A-0C5C327463ED}.Debug|Any CPU.Build.0 = Debug|Any CPU
		{9D8F7BCA-79A9-4569-BF7A-0C5C327463ED}.Release|Any CPU.ActiveCfg = Release|Any CPU
		{9D8F7BCA-79A9-4569-BF7A-0C5C327463ED}.Release|Any CPU.Build.0 = Release|Any CPU
		{860531FA-0932-4424-931D-44F214F25492}.Debug|Any CPU.ActiveCfg = Debug|Any CPU
		{860531FA-0932-4424-931D-44F214F25492}.Debug|Any CPU.Build.0 = Debug|Any CPU
		{860531FA-0932-4424-931D-44F214F25492}.Release|Any CPU.ActiveCfg = Release|Any CPU
		{860531FA-0932-4424-931D-44F214F25492}.Release|Any CPU.Build.0 = Release|Any CPU
		{E7EBA502-B85B-4D72-B2AB-E157E30D91E6}.Debug|Any CPU.ActiveCfg = Debug|Any CPU
		{E7EBA502-B85B-4D72-B2AB-E157E30D91E6}.Debug|Any CPU.Build.0 = Debug|Any CPU
		{E7EBA502-B85B-4D72-B2AB-E157E30D91E6}.Release|Any CPU.ActiveCfg = Release|Any CPU
		{E7EBA502-B85B-4D72-B2AB-E157E30D91E6}.Release|Any CPU.Build.0 = Release|Any CPU
		{9F922CEA-A210-4E94-A6F9-E838CB137931}.Debug|Any CPU.ActiveCfg = Debug|Any CPU
		{9F922CEA-A210-4E94-A6F9-E838CB137931}.Debug|Any CPU.Build.0 = Debug|Any CPU
		{9F922CEA-A210-4E94-A6F9-E838CB137931}.Release|Any CPU.ActiveCfg = Release|Any CPU
		{9F922CEA-A210-4E94-A6F9-E838CB137931}.Release|Any CPU.Build.0 = Release|Any CPU
		{BA7F781B-918D-491A-BACB-A46825EE9B97}.Debug|Any CPU.ActiveCfg = Debug|Any CPU
		{BA7F781B-918D-491A-BACB-A46825EE9B97}.Debug|Any CPU.Build.0 = Debug|Any CPU
		{BA7F781B-918D-491A-BACB-A46825EE9B97}.Release|Any CPU.ActiveCfg = Release|Any CPU
		{BA7F781B-918D-491A-BACB-A46825EE9B97}.Release|Any CPU.Build.0 = Release|Any CPU
	EndGlobalSection
	GlobalSection(SolutionProperties) = preSolution
		HideSolutionNode = FALSE
	EndGlobalSection
	GlobalSection(ExtensibilityGlobals) = postSolution
		SolutionGuid = {619248FF-49A3-4365-921C-FFF26757B8CD}
	EndGlobalSection
EndGlobal
